
Microsoft Visual Studio Solution File, Format Version 12.00
# Visual Studio Version 16
VisualStudioVersion = 16.0.30804.86
MinimumVisualStudioVersion = 10.0.40219.1
Project("{FAE04EC0-301F-11D3-BF4B-00C04F79EFBC}") = "Kampintro2", "Kampintro2\Kampintro2.csproj", "{1E1F04EB-D665-4E5A-8928-3448C18539CC}"
EndProject
Project("{FAE04EC0-301F-11D3-BF4B-00C04F79EFBC}") = "ClassMetodDemo", "ClassMetodDemo\ClassMetodDemo.csproj", "{6B6C2552-8E10-4282-951D-307AFF9AB6F4}"
EndProject
Global
	GlobalSection(SolutionConfigurationPlatforms) = preSolution
		Debug|Any CPU = Debug|Any CPU
		Release|Any CPU = Release|Any CPU
	EndGlobalSection
	GlobalSection(ProjectConfigurationPlatforms) = postSolution
		{1E1F04EB-D665-4E5A-8928-3448C18539CC}.Debug|Any CPU.ActiveCfg = Debug|Any CPU
		{1E1F04EB-D665-4E5A-8928-3448C18539CC}.Debug|Any CPU.Build.0 = Debug|Any CPU
		{1E1F04EB-D665-4E5A-8928-3448C18539CC}.Release|Any CPU.ActiveCfg = Release|Any CPU
		{1E1F04EB-D665-4E5A-8928-3448C18539CC}.Release|Any CPU.Build.0 = Release|Any CPU
		{6B6C2552-8E10-4282-951D-307AFF9AB6F4}.Debug|Any CPU.ActiveCfg = Debug|Any CPU
		{6B6C2552-8E10-4282-951D-307AFF9AB6F4}.Debug|Any CPU.Build.0 = Debug|Any CPU
		{6B6C2552-8E10-4282-951D-307AFF9AB6F4}.Release|Any CPU.ActiveCfg = Release|Any CPU
		{6B6C2552-8E10-4282-951D-307AFF9AB6F4}.Release|Any CPU.Build.0 = Release|Any CPU
	EndGlobalSection
	GlobalSection(SolutionProperties) = preSolution
		HideSolutionNode = FALSE
	EndGlobalSection
	GlobalSection(ExtensibilityGlobals) = postSolution
		SolutionGuid = {2247F805-9711-4EB7-8AE6-20A3E59FF09A}
	EndGlobalSection
EndGlobal
